# THIS IS AN AUTOGENERATED FILE. DO NOT EDIT THIS FILE DIRECTLY.
# yarn lockfile v1


"@angular/common@4.0.0-rc.5":
  version "4.0.0-rc.5"
  resolved "https://registry.yarnpkg.com/@angular/common/-/common-4.0.0-rc.5.tgz#27c1ff77d3a86fa77533255f9829a9b7b366be60"

"@angular/core@4.0.0-rc.5":
  version "4.0.0-rc.5"
  resolved "https://registry.yarnpkg.com/@angular/core/-/core-4.0.0-rc.5.tgz#2e4a2d8ca2f1466857ebb634240e17ff9b697ec5"

"@angular/forms@4.0.0-rc.5":
  version "4.0.0-rc.5"
  resolved "https://registry.yarnpkg.com/@angular/forms/-/forms-4.0.0-rc.5.tgz#f12ed864cd83ea88c55e498fe1a4d94948139eae"

"@angular/http@4.0.0-rc.5":
  version "4.0.0-rc.5"
  resolved "https://registry.yarnpkg.com/@angular/http/-/http-4.0.0-rc.5.tgz#59c17065a57eb07d8494447e1a52a5ec3bafb347"

"@angular/platform-browser@4.0.0-rc.5":
  version "4.0.0-rc.5"
  resolved "https://registry.yarnpkg.com/@angular/platform-browser/-/platform-browser-4.0.0-rc.5.tgz#d848e16a0c27b55f3f80ee87ce714f415172586f"

"@angular/router@4.0.0-rc.5":
  version "4.0.0-rc.5"
  resolved "https://registry.yarnpkg.com/@angular/router/-/router-4.0.0-rc.5.tgz#2a4e6d0d03731da0fbed4792d3bb4e2555a549d6"

"@types/node@^7.0.10":
  version "7.0.10"
  resolved "https://registry.yarnpkg.com/@types/node/-/node-7.0.10.tgz#d860abb18c1b58b552c7c6cd8b2ba7adf6546fa3"

"@types/pluralize@^0.0.27":
  version "0.0.27"
  resolved "https://registry.yarnpkg.com/@types/pluralize/-/pluralize-0.0.27.tgz#087354a791ce027db1101ff399db6111fc9275f7"

pluralize@^4.0.0:
  version "4.0.0"
  resolved "https://registry.yarnpkg.com/pluralize/-/pluralize-4.0.0.tgz#59b708c1c0190a2f692f1c7618c446b052fd1762"

rxjs@^5.0.1:
  version "5.2.0"
  resolved "https://registry.yarnpkg.com/rxjs/-/rxjs-5.2.0.tgz#db537de8767c05fa73721587a29e0085307d318b"
  dependencies:
    symbol-observable "^1.0.1"

symbol-observable@^1.0.1:
  version "1.0.4"
  resolved "https://registry.yarnpkg.com/symbol-observable/-/symbol-observable-1.0.4.tgz#29bf615d4aa7121bdd898b22d4b3f9bc4e2aa03d"

zone.js@^0.8.4:
  version "0.8.5"
  resolved "https://registry.yarnpkg.com/zone.js/-/zone.js-0.8.5.tgz#7906e017482cbff4c3f079c5c34305ce941f5ba2"
